{
  "name": "babylon_performance",
  "version": "1.0.0",
  "lockfileVersion": 1,
  "requires": true,
  "dependencies": {
    "acorn": {
      "version": "5.1.1",
      "resolved": "https://registry.npmjs.org/acorn/-/acorn-5.1.1.tgz",
      "integrity": "sha512-vOk6uEMctu0vQrvuSqFdJyqj1Q0S5VTDL79qtjo+DhRr+1mmaD+tluFSCZqhvi/JUhXSzoZN2BhtstaPEeE8cw=="
    },
    "babylon": {
      "version": "7.0.0-beta.16",
      "resolved": "https://registry.npmjs.org/babylon/-/babylon-7.0.0-beta.16.tgz",
      "integrity": "sha1-RIzu3uwKXvVrYoEuNVa/NsW7l4E="
    },
    "cli-table": {
      "version": "0.3.1",
      "resolved": "https://registry.npmjs.org/cli-table/-/cli-table-0.3.1.tgz",
      "integrity": "sha1-9TsFJmqLGguTSz0IIebi3FkUriM=",
      "requires": {
        "colors": "1.0.3"
      }
    },
    "colors": {
      "version": "1.0.3",
      "resolved": "https://registry.npmjs.org/colors/-/colors-1.0.3.tgz",
      "integrity": "sha1-BDP0TYCWgP3rYO0mDxsMJi6CpAs="
    }
  }
}
