# THIS IS AN AUTOGENERATED FILE. DO NOT EDIT THIS FILE DIRECTLY.
# yarn lockfile v1


"@babel/parser@^7.6.0":
  version "7.6.0"
  resolved "https://registry.yarnpkg.com/@babel/parser/-/parser-7.6.0.tgz#3e05d0647432a8326cb28d0de03895ae5a57f39b"
  integrity sha512-+o2q111WEx4srBs7L9eJmcwi655eD8sXniLqMB93TBK9GrNzGrxDWSjiqz2hLU0Ha8MTXFIP0yd9fNdP+m43ZQ==

acorn@^7.1.1:
  version "7.1.1"
  resolved "https://registry.yarnpkg.com/acorn/-/acorn-7.1.1.tgz#e35668de0b402f359de515c5482a1ab9f89a69bf"
  integrity sha512-add7dgA5ppRPxCFJoAGfMDi7PIBXq1RtGo7BhbLaxwrXPOmw8gq48Y9ozT01hUKy9byMjlR20EJhu5zlkErEkg==

benchmark@^2.1.4:
  version "2.1.4"
  resolved "https://registry.yarnpkg.com/benchmark/-/benchmark-2.1.4.tgz#09f3de31c916425d498cc2ee565a0ebf3c2a5629"
  integrity sha1-CfPeMckWQl1JjMLuVloOvzwqVik=
  dependencies:
    lodash "^4.17.4"
    platform "^1.3.3"

cli-table@^0.3.1:
  version "0.3.1"
  resolved "https://registry.yarnpkg.com/cli-table/-/cli-table-0.3.1.tgz#f53b05266a8b1a0b934b3d0821e6e2dc5914ae23"
  integrity sha1-9TsFJmqLGguTSz0IIebi3FkUriM=
  dependencies:
    colors "1.0.3"

colors@1.0.3:
  version "1.0.3"
  resolved "https://registry.yarnpkg.com/colors/-/colors-1.0.3.tgz#0433f44d809680fdeb60ed260f1b0c262e82a40b"
  integrity sha1-BDP0TYCWgP3rYO0mDxsMJi6CpAs=

esprima@^4.0.1:
  version "4.0.1"
  resolved "https://registry.yarnpkg.com/esprima/-/esprima-4.0.1.tgz#13b04cdb3e6c5d19df91ab6987a8695619b0aa71"
  integrity sha512-eGuFFw7Upda+g4p+QHvnW0RyTX/SVeJBDM/gCtMARO0cLuT2HcEKnTPvhjV6aGeqrCB/sbNop0Kszm0jsaWU4A==

lodash@^4.17.4:
  version "4.17.19"
  resolved "https://registry.yarnpkg.com/lodash/-/lodash-4.17.19.tgz#e48ddedbe30b3321783c5b4301fbd353bc1e4a4b"
  integrity sha512-JNvd8XER9GQX0v2qJgsaN/mzFCNA5BRe/j8JN9d+tWyGLSodKQHKFicdwNYzWwI3wjRnaKPsGj1XkBjx/F96DQ==

meriyah@^1.6.15:
  version "1.6.17"
  resolved "https://registry.yarnpkg.com/meriyah/-/meriyah-1.6.17.tgz#eed3425fca2ee97f07d4ccf30e6fa9be340a790d"
  integrity sha512-X5ib1VX0F601zf2UeCXagkDqfFPSh032BdlfiIoummb2MVQGteGLum7Tx7VCxR3X1JsbQXWltaCHebrcI4NkNg==

microtime@^3.0.0:
  version "3.0.0"
  resolved "https://registry.yarnpkg.com/microtime/-/microtime-3.0.0.tgz#d140914bde88aa89b4f9fd2a18620b435af0f39b"
  integrity sha512-SirJr7ZL4ow2iWcb54bekS4aWyBQNVcEDBiwAz9D/sTgY59A+uE8UJU15cp5wyZmPBwg/3zf8lyCJ5NUe1nVlQ==
  dependencies:
    node-addon-api "^1.2.0"
    node-gyp-build "^3.8.0"

node-addon-api@^1.2.0:
  version "1.7.1"
  resolved "https://registry.yarnpkg.com/node-addon-api/-/node-addon-api-1.7.1.tgz#cf813cd69bb8d9100f6bdca6755fc268f54ac492"
  integrity sha512-2+DuKodWvwRTrCfKOeR24KIc5unKjOh8mz17NCzVnHWfjAdDqbfbjqh7gUT+BkXBRQM52+xCHciKWonJ3CbJMQ==

node-gyp-build@^3.8.0:
  version "3.9.0"
  resolved "https://registry.yarnpkg.com/node-gyp-build/-/node-gyp-build-3.9.0.tgz#53a350187dd4d5276750da21605d1cb681d09e25"
  integrity sha512-zLcTg6P4AbcHPq465ZMFNXx7XpKKJh+7kkN699NiQWisR2uWYOWNWqRHAmbnmKiL4e9aLSlmy5U7rEMUXV59+A==

platform@^1.3.3:
  version "1.3.5"
  resolved "https://registry.yarnpkg.com/platform/-/platform-1.3.5.tgz#fb6958c696e07e2918d2eeda0f0bc9448d733444"
  integrity sha512-TuvHS8AOIZNAlE77WUDiR4rySV/VMptyMfcfeoMgs4P8apaZM3JrnbzBiixKUv+XR6i+BXrQh8WAnjaSPFO65Q==
